
Microsoft Visual Studio Solution File, Format Version 12.00
# Visual Studio Version 17
VisualStudioVersion = 17.0.31903.59
MinimumVisualStudioVersion = 10.0.40219.1
Project("{FAE04EC0-301F-11D3-BF4B-00C04F79EFBC}") = "CowInterpreter", "CowInterpreter\CowInterpreter.csproj", "{DF92310A-1095-4EC2-A8EE-B40E38B91EC5}"
EndProject
Project("{FAE04EC0-301F-11D3-BF4B-00C04F79EFBC}") = "CowInterpreter.Tests", "CowInterpreter.Tests\CowInterpreter.Tests.csproj", "{D61848AC-0A32-48A1-9EA8-3D210BDE86CE}"
EndProject
Global
	GlobalSection(SolutionConfigurationPlatforms) = preSolution
		Debug|Any CPU = Debug|Any CPU
		Release|Any CPU = Release|Any CPU
	EndGlobalSection
	GlobalSection(SolutionProperties) = preSolution
		HideSolutionNode = FALSE
	EndGlobalSection
	GlobalSection(ProjectConfigurationPlatforms) = postSolution
		{DF92310A-1095-4EC2-A8EE-B40E38B91EC5}.Debug|Any CPU.ActiveCfg = Debug|Any CPU
		{DF92310A-1095-4EC2-A8EE-B40E38B91EC5}.Debug|Any CPU.Build.0 = Debug|Any CPU
		{DF92310A-1095-4EC2-A8EE-B40E38B91EC5}.Release|Any CPU.ActiveCfg = Release|Any CPU
		{DF92310A-1095-4EC2-A8EE-B40E38B91EC5}.Release|Any CPU.Build.0 = Release|Any CPU
		{D61848AC-0A32-48A1-9EA8-3D210BDE86CE}.Debug|Any CPU.ActiveCfg = Debug|Any CPU
		{D61848AC-0A32-48A1-9EA8-3D210BDE86CE}.Debug|Any CPU.Build.0 = Debug|Any CPU
		{D61848AC-0A32-48A1-9EA8-3D210BDE86CE}.Release|Any CPU.ActiveCfg = Release|Any CPU
		{D61848AC-0A32-48A1-9EA8-3D210BDE86CE}.Release|Any CPU.Build.0 = Release|Any CPU
	EndGlobalSection
EndGlobal
